
Microsoft Visual Studio Solution File, Format Version 12.00
# Visual Studio Version 17
VisualStudioVersion = 17.3.32804.467
MinimumVisualStudioVersion = 10.0.40219.1
Project("{FAE04EC0-301F-11D3-BF4B-00C04F79EFBC}") = "WebApplication1", "WebApplication1\WebApplication1.csproj", "{ABC9B3F4-81D1-43A5-B8D0-10C8668E3A5E}"
EndProject
Global
	GlobalSection(SolutionConfigurationPlatforms) = preSolution
		Debug|Any CPU = Debug|Any CPU
		Release|Any CPU = Release|Any CPU
	EndGlobalSection
	GlobalSection(ProjectConfigurationPlatforms) = postSolution
		{ABC9B3F4-81D1-43A5-B8D0-10C8668E3A5E}.Debug|Any CPU.ActiveCfg = Debug|Any CPU
		{ABC9B3F4-81D1-43A5-B8D0-10C8668E3A5E}.Debug|Any CPU.Build.0 = Debug|Any CPU
		{ABC9B3F4-81D1-43A5-B8D0-10C8668E3A5E}.Release|Any CPU.ActiveCfg = Release|Any CPU
		{ABC9B3F4-81D1-43A5-B8D0-10C8668E3A5E}.Release|Any CPU.Build.0 = Release|Any CPU
	EndGlobalSection
	GlobalSection(SolutionProperties) = preSolution
		HideSolutionNode = FALSE
	EndGlobalSection
	GlobalSection(ExtensibilityGlobals) = postSolution
		SolutionGuid = {86FAD5CB-B7B0-4ABF-B938-BDE44F1B9E03}
	EndGlobalSection
EndGlobal
